
Microsoft Visual Studio Solution File, Format Version 12.00
# Visual Studio 2013
VisualStudioVersion = 12.0.40629.0
MinimumVisualStudioVersion = 10.0.40219.1
Project("{FAE04EC0-301F-11D3-BF4B-00C04F79EFBC}") = "SharpResume", "SharpResume\SharpResume.csproj", "{C207A6EB-840F-4501-87B3-029AD9C9A212}"
EndProject
Global
	GlobalSection(SolutionConfigurationPlatforms) = preSolution
		Debug|Any CPU = Debug|Any CPU
		Release|Any CPU = Release|Any CPU
	EndGlobalSection
	GlobalSection(ProjectConfigurationPlatforms) = postSolution
		{C207A6EB-840F-4501-87B3-029AD9C9A212}.Debug|Any CPU.ActiveCfg = Debug|Any CPU
		{C207A6EB-840F-4501-87B3-029AD9C9A212}.Debug|Any CPU.Build.0 = Debug|Any CPU
		{C207A6EB-840F-4501-87B3-029AD9C9A212}.Release|Any CPU.ActiveCfg = Release|Any CPU
		{C207A6EB-840F-4501-87B3-029AD9C9A212}.Release|Any CPU.Build.0 = Release|Any CPU
	EndGlobalSection
	GlobalSection(SolutionProperties) = preSolution
		HideSolutionNode = FALSE
	EndGlobalSection
EndGlobal
